
Microsoft Visual Studio Solution File, Format Version 12.00
# Visual Studio 15
Project("{FAE04EC0-301F-11D3-BF4B-00C04F79EFBC}") = "Daydream test", "Daydream test.csproj", "{84006984-E015-32E9-4AE6-E1A161182B69}"
EndProject
Project("{FAE04EC0-301F-11D3-BF4B-00C04F79EFBC}") = "Daydream test.Editor", "Daydream test.Editor.csproj", "{6981BAEA-5E4F-7FBC-C267-F211EE9CAD48}"
EndProject
Global
	GlobalSection(SolutionConfigurationPlatforms) = preSolution
		Debug|Any CPU = Debug|Any CPU
		Release|Any CPU = Release|Any CPU
	EndGlobalSection
	GlobalSection(ProjectConfigurationPlatforms) = postSolution
		{84006984-E015-32E9-4AE6-E1A161182B69}.Debug|Any CPU.ActiveCfg = Debug|Any CPU
		{84006984-E015-32E9-4AE6-E1A161182B69}.Debug|Any CPU.Build.0 = Debug|Any CPU
		{84006984-E015-32E9-4AE6-E1A161182B69}.Release|Any CPU.ActiveCfg = Release|Any CPU
		{84006984-E015-32E9-4AE6-E1A161182B69}.Release|Any CPU.Build.0 = Release|Any CPU
		{6981BAEA-5E4F-7FBC-C267-F211EE9CAD48}.Debug|Any CPU.ActiveCfg = Debug|Any CPU
		{6981BAEA-5E4F-7FBC-C267-F211EE9CAD48}.Debug|Any CPU.Build.0 = Debug|Any CPU
		{6981BAEA-5E4F-7FBC-C267-F211EE9CAD48}.Release|Any CPU.ActiveCfg = Release|Any CPU
		{6981BAEA-5E4F-7FBC-C267-F211EE9CAD48}.Release|Any CPU.Build.0 = Release|Any CPU
	EndGlobalSection
	GlobalSection(SolutionProperties) = preSolution
		HideSolutionNode = FALSE
	EndGlobalSection
EndGlobal
